
Microsoft Visual Studio Solution File, Format Version 12.00
# Visual Studio Version 17
VisualStudioVersion = 17.9.34723.18
MinimumVisualStudioVersion = 10.0.40219.1
Project("{9A19103F-16F7-4668-BE54-9A1E7A4F7556}") = "VehicleRegistry.Api", "VehicleRegistry.Api\VehicleRegistry.Api.csproj", "{8C53DB91-DA8B-42A6-B644-6B1283384928}"
EndProject
Project("{9A19103F-16F7-4668-BE54-9A1E7A4F7556}") = "VehicleRegistry.Contracts", "VehicleRegistry.Contracts\VehicleRegistry.Contracts.csproj", "{6D5D7AAF-6A18-4ACF-AC94-5526EFA6F153}"
EndProject
Project("{9A19103F-16F7-4668-BE54-9A1E7A4F7556}") = "VehicleRegistry.InfraStructure", "VehicleRegistry.InfraStructure\VehicleRegistry.InfraStructure.csproj", "{8D3620BA-6A9A-4101-90EC-C58B069081E3}"
EndProject
Project("{9A19103F-16F7-4668-BE54-9A1E7A4F7556}") = "VehicleRegistry.Manager", "VehicleRegistry.Manager\VehicleRegistry.Manager.csproj", "{BF9BAF8E-AF38-4EF8-8153-DE40FA9C0374}"
EndProject
Project("{FAE04EC0-301F-11D3-BF4B-00C04F79EFBC}") = "VehicleRegistry.Worker", "VehicleRegistry.Worker\VehicleRegistry.Worker.csproj", "{AC42E633-A6F5-4F72-80C8-43EC8DA021AA}"
EndProject
Global
	GlobalSection(SolutionConfigurationPlatforms) = preSolution
		Debug|Any CPU = Debug|Any CPU
		Release|Any CPU = Release|Any CPU
	EndGlobalSection
	GlobalSection(ProjectConfigurationPlatforms) = postSolution
		{8C53DB91-DA8B-42A6-B644-6B1283384928}.Debug|Any CPU.ActiveCfg = Debug|Any CPU
		{8C53DB91-DA8B-42A6-B644-6B1283384928}.Debug|Any CPU.Build.0 = Debug|Any CPU
		{8C53DB91-DA8B-42A6-B644-6B1283384928}.Release|Any CPU.ActiveCfg = Release|Any CPU
		{8C53DB91-DA8B-42A6-B644-6B1283384928}.Release|Any CPU.Build.0 = Release|Any CPU
		{6D5D7AAF-6A18-4ACF-AC94-5526EFA6F153}.Debug|Any CPU.ActiveCfg = Debug|Any CPU
		{6D5D7AAF-6A18-4ACF-AC94-5526EFA6F153}.Debug|Any CPU.Build.0 = Debug|Any CPU
		{6D5D7AAF-6A18-4ACF-AC94-5526EFA6F153}.Release|Any CPU.ActiveCfg = Release|Any CPU
		{6D5D7AAF-6A18-4ACF-AC94-5526EFA6F153}.Release|Any CPU.Build.0 = Release|Any CPU
		{8D3620BA-6A9A-4101-90EC-C58B069081E3}.Debug|Any CPU.ActiveCfg = Debug|Any CPU
		{8D3620BA-6A9A-4101-90EC-C58B069081E3}.Debug|Any CPU.Build.0 = Debug|Any CPU
		{8D3620BA-6A9A-4101-90EC-C58B069081E3}.Release|Any CPU.ActiveCfg = Release|Any CPU
		{8D3620BA-6A9A-4101-90EC-C58B069081E3}.Release|Any CPU.Build.0 = Release|Any CPU
		{BF9BAF8E-AF38-4EF8-8153-DE40FA9C0374}.Debug|Any CPU.ActiveCfg = Debug|Any CPU
		{BF9BAF8E-AF38-4EF8-8153-DE40FA9C0374}.Debug|Any CPU.Build.0 = Debug|Any CPU
		{BF9BAF8E-AF38-4EF8-8153-DE40FA9C0374}.Release|Any CPU.ActiveCfg = Release|Any CPU
		{BF9BAF8E-AF38-4EF8-8153-DE40FA9C0374}.Release|Any CPU.Build.0 = Release|Any CPU
		{AC42E633-A6F5-4F72-80C8-43EC8DA021AA}.Debug|Any CPU.ActiveCfg = Debug|Any CPU
		{AC42E633-A6F5-4F72-80C8-43EC8DA021AA}.Debug|Any CPU.Build.0 = Debug|Any CPU
		{AC42E633-A6F5-4F72-80C8-43EC8DA021AA}.Release|Any CPU.ActiveCfg = Release|Any CPU
		{AC42E633-A6F5-4F72-80C8-43EC8DA021AA}.Release|Any CPU.Build.0 = Release|Any CPU
	EndGlobalSection
	GlobalSection(SolutionProperties) = preSolution
		HideSolutionNode = FALSE
	EndGlobalSection
	GlobalSection(ExtensibilityGlobals) = postSolution
		SolutionGuid = {17EDF052-8C45-43AE-B55B-F8C51EF12014}
	EndGlobalSection
EndGlobal
